
Microsoft Visual Studio Solution File, Format Version 12.00
Project("{FAE04EC0-301F-11D3-BF4B-00C04F79EFBC}") = "DotsMapper", "DotsMapper\DotsMapper.csproj", "{402EFAAB-AB48-494C-A23D-A82660F19B61}"
EndProject
Project("{FAE04EC0-301F-11D3-BF4B-00C04F79EFBC}") = "DiffImagesCollector", "DiffImagesCollector\DiffImagesCollector.csproj", "{CE8978B2-3544-489B-ACF5-DC5283C4FBA9}"
EndProject
Global
	GlobalSection(SolutionConfigurationPlatforms) = preSolution
		Debug|Any CPU = Debug|Any CPU
		Release|Any CPU = Release|Any CPU
	EndGlobalSection
	GlobalSection(ProjectConfigurationPlatforms) = postSolution
		{402EFAAB-AB48-494C-A23D-A82660F19B61}.Debug|Any CPU.ActiveCfg = Debug|Any CPU
		{402EFAAB-AB48-494C-A23D-A82660F19B61}.Debug|Any CPU.Build.0 = Debug|Any CPU
		{402EFAAB-AB48-494C-A23D-A82660F19B61}.Release|Any CPU.ActiveCfg = Release|Any CPU
		{402EFAAB-AB48-494C-A23D-A82660F19B61}.Release|Any CPU.Build.0 = Release|Any CPU
		{CE8978B2-3544-489B-ACF5-DC5283C4FBA9}.Debug|Any CPU.ActiveCfg = Debug|Any CPU
		{CE8978B2-3544-489B-ACF5-DC5283C4FBA9}.Debug|Any CPU.Build.0 = Debug|Any CPU
		{CE8978B2-3544-489B-ACF5-DC5283C4FBA9}.Release|Any CPU.ActiveCfg = Release|Any CPU
		{CE8978B2-3544-489B-ACF5-DC5283C4FBA9}.Release|Any CPU.Build.0 = Release|Any CPU
	EndGlobalSection
EndGlobal
